
Microsoft Visual Studio Solution File, Format Version 12.00
# Visual Studio Version 17
VisualStudioVersion = 17.4.33205.214
MinimumVisualStudioVersion = 10.0.40219.1
Project("{FAE04EC0-301F-11D3-BF4B-00C04F79EFBC}") = "AtisazBazar.DataAccess", "AtisazBazar.DataAccess\AtisazBazar.DataAccess.csproj", "{F2CCAA04-11F9-4A97-AF22-40E56358E4B5}"
EndProject
Project("{FAE04EC0-301F-11D3-BF4B-00C04F79EFBC}") = "AtisazBazar.Services", "AtisazBazar.Services\AtisazBazar.Services.csproj", "{47EA1B44-F32A-442B-809D-0803069650E7}"
EndProject
Project("{FAE04EC0-301F-11D3-BF4B-00C04F79EFBC}") = "AtisazBazar.WebApp", "AtisazBazar.WebApp\AtisazBazar.WebApp.csproj", "{0D2B96EA-1927-4BE8-B0E8-D53599B13864}"
EndProject
Global
	GlobalSection(SolutionConfigurationPlatforms) = preSolution
		Debug|Any CPU = Debug|Any CPU
		Release|Any CPU = Release|Any CPU
	EndGlobalSection
	GlobalSection(ProjectConfigurationPlatforms) = postSolution
		{F2CCAA04-11F9-4A97-AF22-40E56358E4B5}.Debug|Any CPU.ActiveCfg = Debug|Any CPU
		{F2CCAA04-11F9-4A97-AF22-40E56358E4B5}.Debug|Any CPU.Build.0 = Debug|Any CPU
		{F2CCAA04-11F9-4A97-AF22-40E56358E4B5}.Release|Any CPU.ActiveCfg = Release|Any CPU
		{F2CCAA04-11F9-4A97-AF22-40E56358E4B5}.Release|Any CPU.Build.0 = Release|Any CPU
		{47EA1B44-F32A-442B-809D-0803069650E7}.Debug|Any CPU.ActiveCfg = Debug|Any CPU
		{47EA1B44-F32A-442B-809D-0803069650E7}.Debug|Any CPU.Build.0 = Debug|Any CPU
		{47EA1B44-F32A-442B-809D-0803069650E7}.Release|Any CPU.ActiveCfg = Release|Any CPU
		{47EA1B44-F32A-442B-809D-0803069650E7}.Release|Any CPU.Build.0 = Release|Any CPU
		{0D2B96EA-1927-4BE8-B0E8-D53599B13864}.Debug|Any CPU.ActiveCfg = Debug|Any CPU
		{0D2B96EA-1927-4BE8-B0E8-D53599B13864}.Debug|Any CPU.Build.0 = Debug|Any CPU
		{0D2B96EA-1927-4BE8-B0E8-D53599B13864}.Release|Any CPU.ActiveCfg = Release|Any CPU
		{0D2B96EA-1927-4BE8-B0E8-D53599B13864}.Release|Any CPU.Build.0 = Release|Any CPU
	EndGlobalSection
	GlobalSection(SolutionProperties) = preSolution
		HideSolutionNode = FALSE
	EndGlobalSection
	GlobalSection(ExtensibilityGlobals) = postSolution
		SolutionGuid = {866C5A4C-7FF7-4F94-971F-3A3DE717CE0D}
	EndGlobalSection
EndGlobal
